
Microsoft Visual Studio Solution File, Format Version 12.00
# Visual Studio Version 17
VisualStudioVersion = 17.3.32811.315
MinimumVisualStudioVersion = 10.0.40219.1
Project("{8BC9CEB8-8B4A-11D0-8D11-00A0C91BC942}") = "Project", "Project.vcxproj", "{82EB8562-871E-45DC-A461-0D3DD838C4B9}"
EndProject
Global
	GlobalSection(SolutionConfigurationPlatforms) = preSolution
		Debug|x64 = Debug|x64
		Debug|x86 = Debug|x86
		Release|x64 = Release|x64
		Release|x86 = Release|x86
	EndGlobalSection
	GlobalSection(ProjectConfigurationPlatforms) = postSolution
		{82EB8562-871E-45DC-A461-0D3DD838C4B9}.Debug|x64.ActiveCfg = Debug|x64
		{82EB8562-871E-45DC-A461-0D3DD838C4B9}.Debug|x64.Build.0 = Debug|x64
		{82EB8562-871E-45DC-A461-0D3DD838C4B9}.Debug|x86.ActiveCfg = Debug|Win32
		{82EB8562-871E-45DC-A461-0D3DD838C4B9}.Debug|x86.Build.0 = Debug|Win32
		{82EB8562-871E-45DC-A461-0D3DD838C4B9}.Release|x64.ActiveCfg = Release|x64
		{82EB8562-871E-45DC-A461-0D3DD838C4B9}.Release|x64.Build.0 = Release|x64
		{82EB8562-871E-45DC-A461-0D3DD838C4B9}.Release|x86.ActiveCfg = Release|Win32
		{82EB8562-871E-45DC-A461-0D3DD838C4B9}.Release|x86.Build.0 = Release|Win32
	EndGlobalSection
	GlobalSection(SolutionProperties) = preSolution
		HideSolutionNode = FALSE
	EndGlobalSection
	GlobalSection(ExtensibilityGlobals) = postSolution
		SolutionGuid = {568BDB46-444D-4596-8C1A-3916299C93FA}
	EndGlobalSection
EndGlobal
